
Microsoft Visual Studio Solution File, Format Version 12.00
# Visual Studio Version 17
VisualStudioVersion = 17.1.32421.90
MinimumVisualStudioVersion = 10.0.40219.1
Project("{FAE04EC0-301F-11D3-BF4B-00C04F79EFBC}") = "RadyoUygulaması", "RadyoUygulaması\RadyoUygulaması.csproj", "{3F0498E8-39AF-4C25-88D2-886F3B46E2DF}"
EndProject
Global
	GlobalSection(SolutionConfigurationPlatforms) = preSolution
		Debug|Any CPU = Debug|Any CPU
		Release|Any CPU = Release|Any CPU
	EndGlobalSection
	GlobalSection(ProjectConfigurationPlatforms) = postSolution
		{3F0498E8-39AF-4C25-88D2-886F3B46E2DF}.Debug|Any CPU.ActiveCfg = Debug|Any CPU
		{3F0498E8-39AF-4C25-88D2-886F3B46E2DF}.Debug|Any CPU.Build.0 = Debug|Any CPU
		{3F0498E8-39AF-4C25-88D2-886F3B46E2DF}.Release|Any CPU.ActiveCfg = Release|Any CPU
		{3F0498E8-39AF-4C25-88D2-886F3B46E2DF}.Release|Any CPU.Build.0 = Release|Any CPU
	EndGlobalSection
	GlobalSection(SolutionProperties) = preSolution
		HideSolutionNode = FALSE
	EndGlobalSection
	GlobalSection(ExtensibilityGlobals) = postSolution
		SolutionGuid = {A15A74D2-E059-4C0B-9015-EDFD2E6910E1}
	EndGlobalSection
EndGlobal
